schema: '2.0'
stages:
  ingest:
    cmd: python3 src/ingest.py
    deps:
    - path: src/ingest.py
      md5: 96f83de1875646aab3e9b6abbcca5fc7
      size: 517
    params:
      params.yaml:
        ingest.dcount: 4
    outs:
    - path: data/prepared
      md5: 50ffcf20706967b5054d47bc38f538c6.dir
      size: 718786
      nfiles: 26
  predict:
    cmd: python3 src/predict.py data/prepared data/predictions data/store
    deps:
    - path: data/prepared
      md5: 50ffcf20706967b5054d47bc38f538c6.dir
      size: 718786
      nfiles: 26
    - path: src/predict.py
      md5: 1e780d9e804ddd511a50c7d543444bbc
      size: 1115
    params:
      params.yaml:
        ingest.dcount: 4
    outs:
    - path: data/predictions
      md5: bf105c4e78a1777608b9fcde76ac4383.dir
      size: 236098
      nfiles: 6
